
Microsoft Visual Studio Solution File, Format Version 12.00
# Visual Studio 15
VisualStudioVersion = 15.0.28307.960
MinimumVisualStudioVersion = 10.0.40219.1
Project("{FAE04EC0-301F-11D3-BF4B-00C04F79EFBC}") = "MyApp", "MyApp\MyApp.csproj", "{323E4ABB-E650-489D-8AD8-E437EBE3F04B}"
EndProject
Global
	GlobalSection(SolutionConfigurationPlatforms) = preSolution
		Debug|Any CPU = Debug|Any CPU
		Release|Any CPU = Release|Any CPU
	EndGlobalSection
	GlobalSection(ProjectConfigurationPlatforms) = postSolution
		{323E4ABB-E650-489D-8AD8-E437EBE3F04B}.Debug|Any CPU.ActiveCfg = Debug|Any CPU
		{323E4ABB-E650-489D-8AD8-E437EBE3F04B}.Debug|Any CPU.Build.0 = Debug|Any CPU
		{323E4ABB-E650-489D-8AD8-E437EBE3F04B}.Release|Any CPU.ActiveCfg = Release|Any CPU
		{323E4ABB-E650-489D-8AD8-E437EBE3F04B}.Release|Any CPU.Build.0 = Release|Any CPU
	EndGlobalSection
	GlobalSection(SolutionProperties) = preSolution
		HideSolutionNode = FALSE
	EndGlobalSection
	GlobalSection(ExtensibilityGlobals) = postSolution
		SolutionGuid = {E8C0C754-4475-47E3-AE0F-9FE737230EA3}
	EndGlobalSection
EndGlobal
